# This file is generated by running "yarn install" inside your project.
# Manual changes might be lost - proceed with caution!

__metadata:
  version: 4

"ansi-regex@npm:^3.0.0":
  version: 3.0.0
  resolution: "ansi-regex@npm:3.0.0"
  checksum: 3/2e3c40d42904366e4a1a7b906ea3ae7968179a50916dfa0fd3e59fd12333c5d95970a9a59067ac3406d97c78784d591f0b841a4efd365dafb261327ae1ea3478
  languageName: node
  linkType: hard

"cowsay@npm:^1.4.0":
  version: 1.4.0
  resolution: "cowsay@npm:1.4.0"
  dependencies:
    get-stdin: ^5.0.1
    optimist: ~0.6.1
    string-width: ~2.1.1
    strip-eof: ^1.0.0
  bin:
    cowsay: ./cli.js
    cowthink: ./cli.js
  checksum: 3/29f322147343078b859f6be5707fa75a32d8aac4f53eb372f7deb179198f3d709f995fe75d5a5a0c023d0c997857560b213831a0e583dfd060b2f6ccdb444f8d
  languageName: node
  linkType: hard

"get-stdin@npm:^5.0.1":
  version: 5.0.1
  resolution: "get-stdin@npm:5.0.1"
  checksum: 3/a355ad406d78cb1d5bf297c8c8b8648ceb6ff52c8deb9c582f6f7bab3ff0619b5a86defbb0c286ff1e556cd2324dc4416b81f09d339d1763b7c970696f55cc42
  languageName: node
  linkType: hard

"is-fullwidth-code-point@npm:^2.0.0":
  version: 2.0.0
  resolution: "is-fullwidth-code-point@npm:2.0.0"
  checksum: 3/e1e5284f848ab6885665967cd768292a75022304d4401e78937a68f423047c29bfe87a43a9cdb67a3210fff7bcd5da51469122a0eff59b03261c379e58dbe921
  languageName: node
  linkType: hard

"minimist@npm:~0.0.1":
  version: 0.0.10
  resolution: "minimist@npm:0.0.10"
  checksum: 3/2e45f013789db167eaffc5954531cd6adc9d1bcf86498b1a1de87f8aa4a3bb8ff393226107046a3e681e04e3ca8997156c9d7cf3a03a223ed5b535ae71d2e66e
  languageName: node
  linkType: hard

"optimist@npm:~0.6.1":
  version: 0.6.1
  resolution: "optimist@npm:0.6.1"
  dependencies:
    minimist: ~0.0.1
    wordwrap: ~0.0.2
  checksum: 3/14cb755f3864ce3459219e1c6a7cd043c7de14f0e6ec5acfc774728e9974a50ae153ebebfcf8a3d38f7bf273e120c6aae735b99d17377fa2c2e867df33402c16
  languageName: node
  linkType: hard

"string-width@npm:~2.1.1":
  version: 2.1.1
  resolution: "string-width@npm:2.1.1"
  dependencies:
    is-fullwidth-code-point: ^2.0.0
    strip-ansi: ^4.0.0
  checksum: 3/906b4887c39d247e9d12dfffb42bfe68655b52d27758eb13e069dce0f4cf2e7f82441dbbe44f7279298781e6f68e1c659451bd4d9e2bbe9d487a157ad14ae1bd
  languageName: node
  linkType: hard

"strip-ansi@npm:^4.0.0":
  version: 4.0.0
  resolution: "strip-ansi@npm:4.0.0"
  dependencies:
    ansi-regex: ^3.0.0
  checksum: 3/9ac63872c2ba5e8a946c6f3a9c1ab81db5b43bce0d24a33b016e5666d3efda421f721447a1962611053a3ca1595b8742b0216fcc25886958d4565b7afcd27013
  languageName: node
  linkType: hard

"strip-eof@npm:^1.0.0":
  version: 1.0.0
  resolution: "strip-eof@npm:1.0.0"
  checksum: 3/905cd8718ad2e7b3a9c4bc6a9ed409c38b8cef638845a9471884547de0dbe611828d584e749a38d3eebc2d3c830ea9c619d78875a639b7413d93080661807376
  languageName: node
  linkType: hard

"wordwrap@npm:~0.0.2":
  version: 0.0.3
  resolution: "wordwrap@npm:0.0.3"
  checksum: 3/e8c84baa721bd7bc13a88e52e1bc25dd4d14accedafe04d24fbc400ba74ae6d620ac4eff5425d5cab342d1ff43f74396272492039b7d7a804bffd2039a153ff0
  languageName: node
  linkType: hard

"yarn2-test@workspace:.":
  version: 0.0.0-use.local
  resolution: "yarn2-test@workspace:."
  dependencies:
    cowsay: ^1.4.0
  languageName: unknown
  linkType: soft
